<?xml version="1.0" encoding="utf-8"?>
<Project ToolsVersion="4.0" xmlns="http://schemas.microsoft.com/developer/msbuild/2003">
  <ItemGroup>
    <Filter Include="源文件">
      <UniqueIdentifier>{4FC737F1-C7A5-4376-A066-2A32D752A2FF}</UniqueIdentifier>
      <Extensions>cpp;c;cc;cxx;def;odl;idl;hpj;bat;asm;asmx</Extensions>
    </Filter>
    <Filter Include="头文件">
      <UniqueIdentifier>{93995380-89BD-4b04-88EB-625FBE52EBFB}</UniqueIdentifier>
      <Extensions>h;hpp;hxx;hm;inl;inc;xsd</Extensions>
    </Filter>
    <Filter Include="资源文件">
      <UniqueIdentifier>{67DA6AB6-F800-4c08-8B7A-83BB121AAD01}</UniqueIdentifier>
      <Extensions>rc;ico;cur;bmp;dlg;rc2;rct;bin;rgs;gif;jpg;jpeg;jpe;resx;tiff;tif;png;wav;mfcribbon-ms</Extensions>
    </Filter>
    <Filter Include="源文件\BSP">
      <UniqueIdentifier>{4fd4c95f-86f5-4beb-a2e0-dc6ff3285635}</UniqueIdentifier>
    </Filter>
    <Filter Include="源文件\USER">
      <UniqueIdentifier>{e1bcc327-64ab-493d-974f-0c05064060af}</UniqueIdentifier>
    </Filter>
  </ItemGroup>
  <ItemGroup>
    <ClCompile Include="src\BSP\stm32_ub_adc.c">
      <Filter>源文件\BSP</Filter>
    </ClCompile>
    <ClCompile Include="src\USER\StateType.c">
      <Filter>源文件\USER</Filter>
    </ClCompile>
    <ClCompile Include="src\USER\stm32f10x_it.c">
      <Filter>源文件\USER</Filter>
    </ClCompile>
    <ClCompile Include="src\USER\task.c">
      <Filter>源文件\USER</Filter>
    </ClCompile>
    <ClCompile Include="src\BSP\Tsystick.c">
      <Filter>源文件\BSP</Filter>
    </ClCompile>
    <ClCompile Include="src\USER\input_process.c">
      <Filter>源文件\USER</Filter>
    </ClCompile>
  </ItemGroup>
</Project>